
Microsoft Visual Studio Solution File, Format Version 12.00
# Visual Studio 15
VisualStudioVersion = 15.0.27703.2000
MinimumVisualStudioVersion = 10.0.40219.1
Project("{FAE04EC0-301F-11D3-BF4B-00C04F79EFBC}") = "PresentationLayer", "PresentationLayer\PresentationLayer.csproj", "{F4207B7C-5AB7-4D4D-AE3D-8BE5D2B22FDA}"
EndProject
Project("{FAE04EC0-301F-11D3-BF4B-00C04F79EFBC}") = "DataAccessLayer", "DataAccessLayer\DataAccessLayer.csproj", "{F82C5441-9B5B-4A29-ABF7-AF472E7AF81A}"
EndProject
Project("{FAE04EC0-301F-11D3-BF4B-00C04F79EFBC}") = "BusinessLogicLayer", "BusinessLogicLayer\BusinessLogicLayer.csproj", "{E2469FE5-555D-4E23-A069-661A021A9267}"
EndProject
Global
	GlobalSection(SolutionConfigurationPlatforms) = preSolution
		Debug|Any CPU = Debug|Any CPU
		Release|Any CPU = Release|Any CPU
	EndGlobalSection
	GlobalSection(ProjectConfigurationPlatforms) = postSolution
		{F4207B7C-5AB7-4D4D-AE3D-8BE5D2B22FDA}.Debug|Any CPU.ActiveCfg = Debug|Any CPU
		{F4207B7C-5AB7-4D4D-AE3D-8BE5D2B22FDA}.Debug|Any CPU.Build.0 = Debug|Any CPU
		{F4207B7C-5AB7-4D4D-AE3D-8BE5D2B22FDA}.Release|Any CPU.ActiveCfg = Release|Any CPU
		{F4207B7C-5AB7-4D4D-AE3D-8BE5D2B22FDA}.Release|Any CPU.Build.0 = Release|Any CPU
		{F82C5441-9B5B-4A29-ABF7-AF472E7AF81A}.Debug|Any CPU.ActiveCfg = Debug|Any CPU
		{F82C5441-9B5B-4A29-ABF7-AF472E7AF81A}.Debug|Any CPU.Build.0 = Debug|Any CPU
		{F82C5441-9B5B-4A29-ABF7-AF472E7AF81A}.Release|Any CPU.ActiveCfg = Release|Any CPU
		{F82C5441-9B5B-4A29-ABF7-AF472E7AF81A}.Release|Any CPU.Build.0 = Release|Any CPU
		{E2469FE5-555D-4E23-A069-661A021A9267}.Debug|Any CPU.ActiveCfg = Debug|Any CPU
		{E2469FE5-555D-4E23-A069-661A021A9267}.Debug|Any CPU.Build.0 = Debug|Any CPU
		{E2469FE5-555D-4E23-A069-661A021A9267}.Release|Any CPU.ActiveCfg = Release|Any CPU
		{E2469FE5-555D-4E23-A069-661A021A9267}.Release|Any CPU.Build.0 = Release|Any CPU
	EndGlobalSection
	GlobalSection(SolutionProperties) = preSolution
		HideSolutionNode = FALSE
	EndGlobalSection
	GlobalSection(ExtensibilityGlobals) = postSolution
		SolutionGuid = {7DFB8E2E-9158-4AD6-9E08-A58EEE4B0F7C}
	EndGlobalSection
EndGlobal
