
Microsoft Visual Studio Solution File, Format Version 12.00
# Visual Studio 15
VisualStudioVersion = 15.0.27703.2000
MinimumVisualStudioVersion = 10.0.40219.1
Project("{FAE04EC0-301F-11D3-BF4B-00C04F79EFBC}") = "DataAccessLayer", "DataAccessLayer\DataAccessLayer.csproj", "{7AD9E892-9332-459D-9C96-BE27A353B600}"
EndProject
Project("{FAE04EC0-301F-11D3-BF4B-00C04F79EFBC}") = "ServiceLayer", "ServiceLayer\ServiceLayer.csproj", "{B87CB964-54F9-4809-8DF5-6EA03B9354FE}"
EndProject
Project("{FAE04EC0-301F-11D3-BF4B-00C04F79EFBC}") = "BusinessLogicLayer", "BusinessLogicLayer\BusinessLogicLayer.csproj", "{AD509BF7-5394-44CE-AF71-CF04EB27C836}"
EndProject
Project("{FAE04EC0-301F-11D3-BF4B-00C04F79EFBC}") = "ServiceLayerTests", "ServiceLayerTests\ServiceLayerTests.csproj", "{0835653B-A66D-431F-B310-E1BCE9433D2B}"
EndProject
Global
	GlobalSection(SolutionConfigurationPlatforms) = preSolution
		Debug|Any CPU = Debug|Any CPU
		Release|Any CPU = Release|Any CPU
	EndGlobalSection
	GlobalSection(ProjectConfigurationPlatforms) = postSolution
		{7AD9E892-9332-459D-9C96-BE27A353B600}.Debug|Any CPU.ActiveCfg = Debug|Any CPU
		{7AD9E892-9332-459D-9C96-BE27A353B600}.Debug|Any CPU.Build.0 = Debug|Any CPU
		{7AD9E892-9332-459D-9C96-BE27A353B600}.Release|Any CPU.ActiveCfg = Release|Any CPU
		{7AD9E892-9332-459D-9C96-BE27A353B600}.Release|Any CPU.Build.0 = Release|Any CPU
		{B87CB964-54F9-4809-8DF5-6EA03B9354FE}.Debug|Any CPU.ActiveCfg = Debug|Any CPU
		{B87CB964-54F9-4809-8DF5-6EA03B9354FE}.Debug|Any CPU.Build.0 = Debug|Any CPU
		{B87CB964-54F9-4809-8DF5-6EA03B9354FE}.Release|Any CPU.ActiveCfg = Release|Any CPU
		{B87CB964-54F9-4809-8DF5-6EA03B9354FE}.Release|Any CPU.Build.0 = Release|Any CPU
		{AD509BF7-5394-44CE-AF71-CF04EB27C836}.Debug|Any CPU.ActiveCfg = Debug|Any CPU
		{AD509BF7-5394-44CE-AF71-CF04EB27C836}.Debug|Any CPU.Build.0 = Debug|Any CPU
		{AD509BF7-5394-44CE-AF71-CF04EB27C836}.Release|Any CPU.ActiveCfg = Release|Any CPU
		{AD509BF7-5394-44CE-AF71-CF04EB27C836}.Release|Any CPU.Build.0 = Release|Any CPU
		{0835653B-A66D-431F-B310-E1BCE9433D2B}.Debug|Any CPU.ActiveCfg = Debug|Any CPU
		{0835653B-A66D-431F-B310-E1BCE9433D2B}.Debug|Any CPU.Build.0 = Debug|Any CPU
		{0835653B-A66D-431F-B310-E1BCE9433D2B}.Release|Any CPU.ActiveCfg = Release|Any CPU
		{0835653B-A66D-431F-B310-E1BCE9433D2B}.Release|Any CPU.Build.0 = Release|Any CPU
	EndGlobalSection
	GlobalSection(SolutionProperties) = preSolution
		HideSolutionNode = FALSE
	EndGlobalSection
	GlobalSection(ExtensibilityGlobals) = postSolution
		SolutionGuid = {CCB79B2F-96CE-40F9-8345-B6D70E7DE01D}
	EndGlobalSection
EndGlobal
